
Microsoft Visual Studio Solution File, Format Version 12.00
# Visual Studio Version 16
VisualStudioVersion = 16.0.30907.101
MinimumVisualStudioVersion = 10.0.40219.1
Project("{9A19103F-16F7-4668-BE54-9A1E7A4F7556}") = "Entity", "Entity\Entity.csproj", "{D90333A5-CA38-45A9-9643-14675AA2E7C2}"
EndProject
Project("{9A19103F-16F7-4668-BE54-9A1E7A4F7556}") = "DataAccess", "DataAccess\DataAccess.csproj", "{F0DADDCF-505B-439E-9DEE-43F1497FC301}"
EndProject
Project("{9A19103F-16F7-4668-BE54-9A1E7A4F7556}") = "Business", "Business\Business.csproj", "{31DF1F0F-7BF9-40F4-9C5E-9F8141408FD5}"
EndProject
Project("{9A19103F-16F7-4668-BE54-9A1E7A4F7556}") = "Core", "Core\Core.csproj", "{408F945F-689A-4571-A8F2-41A3B14C129C}"
EndProject
Project("{9A19103F-16F7-4668-BE54-9A1E7A4F7556}") = "ConsoleUI", "ConsoleUI\ConsoleUI.csproj", "{B0656656-C6C3-4539-AC80-C06C6EF28436}"
EndProject
Project("{9A19103F-16F7-4668-BE54-9A1E7A4F7556}") = "WebAPI", "WebbAPI\WebAPI.csproj", "{B20CC4F0-EFDF-4E9D-AA39-C068A1B75069}"
EndProject
Global
	GlobalSection(SolutionConfigurationPlatforms) = preSolution
		Debug|Any CPU = Debug|Any CPU
		Release|Any CPU = Release|Any CPU
	EndGlobalSection
	GlobalSection(ProjectConfigurationPlatforms) = postSolution
		{D90333A5-CA38-45A9-9643-14675AA2E7C2}.Debug|Any CPU.ActiveCfg = Debug|Any CPU
		{D90333A5-CA38-45A9-9643-14675AA2E7C2}.Debug|Any CPU.Build.0 = Debug|Any CPU
		{D90333A5-CA38-45A9-9643-14675AA2E7C2}.Release|Any CPU.ActiveCfg = Release|Any CPU
		{D90333A5-CA38-45A9-9643-14675AA2E7C2}.Release|Any CPU.Build.0 = Release|Any CPU
		{F0DADDCF-505B-439E-9DEE-43F1497FC301}.Debug|Any CPU.ActiveCfg = Debug|Any CPU
		{F0DADDCF-505B-439E-9DEE-43F1497FC301}.Debug|Any CPU.Build.0 = Debug|Any CPU
		{F0DADDCF-505B-439E-9DEE-43F1497FC301}.Release|Any CPU.ActiveCfg = Release|Any CPU
		{F0DADDCF-505B-439E-9DEE-43F1497FC301}.Release|Any CPU.Build.0 = Release|Any CPU
		{31DF1F0F-7BF9-40F4-9C5E-9F8141408FD5}.Debug|Any CPU.ActiveCfg = Debug|Any CPU
		{31DF1F0F-7BF9-40F4-9C5E-9F8141408FD5}.Debug|Any CPU.Build.0 = Debug|Any CPU
		{31DF1F0F-7BF9-40F4-9C5E-9F8141408FD5}.Release|Any CPU.ActiveCfg = Release|Any CPU
		{31DF1F0F-7BF9-40F4-9C5E-9F8141408FD5}.Release|Any CPU.Build.0 = Release|Any CPU
		{408F945F-689A-4571-A8F2-41A3B14C129C}.Debug|Any CPU.ActiveCfg = Debug|Any CPU
		{408F945F-689A-4571-A8F2-41A3B14C129C}.Debug|Any CPU.Build.0 = Debug|Any CPU
		{408F945F-689A-4571-A8F2-41A3B14C129C}.Release|Any CPU.ActiveCfg = Release|Any CPU
		{408F945F-689A-4571-A8F2-41A3B14C129C}.Release|Any CPU.Build.0 = Release|Any CPU
		{B0656656-C6C3-4539-AC80-C06C6EF28436}.Debug|Any CPU.ActiveCfg = Debug|Any CPU
		{B0656656-C6C3-4539-AC80-C06C6EF28436}.Debug|Any CPU.Build.0 = Debug|Any CPU
		{B0656656-C6C3-4539-AC80-C06C6EF28436}.Release|Any CPU.ActiveCfg = Release|Any CPU
		{B0656656-C6C3-4539-AC80-C06C6EF28436}.Release|Any CPU.Build.0 = Release|Any CPU
		{B20CC4F0-EFDF-4E9D-AA39-C068A1B75069}.Debug|Any CPU.ActiveCfg = Debug|Any CPU
		{B20CC4F0-EFDF-4E9D-AA39-C068A1B75069}.Debug|Any CPU.Build.0 = Debug|Any CPU
		{B20CC4F0-EFDF-4E9D-AA39-C068A1B75069}.Release|Any CPU.ActiveCfg = Release|Any CPU
		{B20CC4F0-EFDF-4E9D-AA39-C068A1B75069}.Release|Any CPU.Build.0 = Release|Any CPU
	EndGlobalSection
	GlobalSection(SolutionProperties) = preSolution
		HideSolutionNode = FALSE
	EndGlobalSection
	GlobalSection(ExtensibilityGlobals) = postSolution
		SolutionGuid = {B5396132-327E-48C4-B183-10BFB3E828A7}
	EndGlobalSection
EndGlobal
